
Microsoft Visual Studio Solution File, Format Version 12.00
# Visual Studio Version 16
VisualStudioVersion = 16.6.30114.105
MinimumVisualStudioVersion = 10.0.40219.1
Project("{FAE04EC0-301F-11D3-BF4B-00C04F79EFBC}") = "R5T.D0092.A001", "R5T.D0092.A001\R5T.D0092.A001.csproj", "{592D44EB-D44E-4E46-AACE-0E2ACFE53AAE}"
EndProject
Project("{FAE04EC0-301F-11D3-BF4B-00C04F79EFBC}") = "R5T.D0092.I001", "R5T.D0092.I001\R5T.D0092.I001.csproj", "{44B36D65-01AF-4BB7-B18E-FDCDD98120C1}"
EndProject
Project("{FAE04EC0-301F-11D3-BF4B-00C04F79EFBC}") = "R5T.D0092.Base", "R5T.D0092.Base\R5T.D0092.Base.csproj", "{18E7F41C-71FF-4DA7-9656-763533D9235E}"
EndProject
Project("{2150E333-8FDC-42A3-9474-1A3956D46DE8}") = "_Dependencies", "_Dependencies", "{5F495D12-53C3-464B-827A-CD8A88CE4AB1}"
EndProject
Project("{FAE04EC0-301F-11D3-BF4B-00C04F79EFBC}") = "R5T.Dacia.Extensions", "..\..\R5T.Dacia.Extensions\source\R5T.Dacia.Extensions\R5T.Dacia.Extensions.csproj", "{12787856-9EDF-4716-8320-5C9BD234E1FD}"
EndProject
Project("{FAE04EC0-301F-11D3-BF4B-00C04F79EFBC}") = "R5T.Dacia.T002", "..\..\R5T.Dacia\source\R5T.Dacia.T002\R5T.Dacia.T002.csproj", "{0ABAC9AE-B2A8-4BA3-8E79-1B84B4C1315D}"
EndProject
Global
	GlobalSection(SolutionConfigurationPlatforms) = preSolution
		Debug|Any CPU = Debug|Any CPU
		Debug|x64 = Debug|x64
		Debug|x86 = Debug|x86
		Release|Any CPU = Release|Any CPU
		Release|x64 = Release|x64
		Release|x86 = Release|x86
	EndGlobalSection
	GlobalSection(SolutionProperties) = preSolution
		HideSolutionNode = FALSE
	EndGlobalSection
	GlobalSection(ProjectConfigurationPlatforms) = postSolution
		{592D44EB-D44E-4E46-AACE-0E2ACFE53AAE}.Debug|Any CPU.ActiveCfg = Debug|Any CPU
		{592D44EB-D44E-4E46-AACE-0E2ACFE53AAE}.Debug|Any CPU.Build.0 = Debug|Any CPU
		{592D44EB-D44E-4E46-AACE-0E2ACFE53AAE}.Debug|x64.ActiveCfg = Debug|Any CPU
		{592D44EB-D44E-4E46-AACE-0E2ACFE53AAE}.Debug|x64.Build.0 = Debug|Any CPU
		{592D44EB-D44E-4E46-AACE-0E2ACFE53AAE}.Debug|x86.ActiveCfg = Debug|Any CPU
		{592D44EB-D44E-4E46-AACE-0E2ACFE53AAE}.Debug|x86.Build.0 = Debug|Any CPU
		{592D44EB-D44E-4E46-AACE-0E2ACFE53AAE}.Release|Any CPU.ActiveCfg = Release|Any CPU
		{592D44EB-D44E-4E46-AACE-0E2ACFE53AAE}.Release|Any CPU.Build.0 = Release|Any CPU
		{592D44EB-D44E-4E46-AACE-0E2ACFE53AAE}.Release|x64.ActiveCfg = Release|Any CPU
		{592D44EB-D44E-4E46-AACE-0E2ACFE53AAE}.Release|x64.Build.0 = Release|Any CPU
		{592D44EB-D44E-4E46-AACE-0E2ACFE53AAE}.Release|x86.ActiveCfg = Release|Any CPU
		{592D44EB-D44E-4E46-AACE-0E2ACFE53AAE}.Release|x86.Build.0 = Release|Any CPU
		{44B36D65-01AF-4BB7-B18E-FDCDD98120C1}.Debug|Any CPU.ActiveCfg = Debug|Any CPU
		{44B36D65-01AF-4BB7-B18E-FDCDD98120C1}.Debug|Any CPU.Build.0 = Debug|Any CPU
		{44B36D65-01AF-4BB7-B18E-FDCDD98120C1}.Debug|x64.ActiveCfg = Debug|Any CPU
		{44B36D65-01AF-4BB7-B18E-FDCDD98120C1}.Debug|x64.Build.0 = Debug|Any CPU
		{44B36D65-01AF-4BB7-B18E-FDCDD98120C1}.Debug|x86.ActiveCfg = Debug|Any CPU
		{44B36D65-01AF-4BB7-B18E-FDCDD98120C1}.Debug|x86.Build.0 = Debug|Any CPU
		{44B36D65-01AF-4BB7-B18E-FDCDD98120C1}.Release|Any CPU.ActiveCfg = Release|Any CPU
		{44B36D65-01AF-4BB7-B18E-FDCDD98120C1}.Release|Any CPU.Build.0 = Release|Any CPU
		{44B36D65-01AF-4BB7-B18E-FDCDD98120C1}.Release|x64.ActiveCfg = Release|Any CPU
		{44B36D65-01AF-4BB7-B18E-FDCDD98120C1}.Release|x64.Build.0 = Release|Any CPU
		{44B36D65-01AF-4BB7-B18E-FDCDD98120C1}.Release|x86.ActiveCfg = Release|Any CPU
		{44B36D65-01AF-4BB7-B18E-FDCDD98120C1}.Release|x86.Build.0 = Release|Any CPU
		{18E7F41C-71FF-4DA7-9656-763533D9235E}.Debug|Any CPU.ActiveCfg = Debug|Any CPU
		{18E7F41C-71FF-4DA7-9656-763533D9235E}.Debug|Any CPU.Build.0 = Debug|Any CPU
		{18E7F41C-71FF-4DA7-9656-763533D9235E}.Debug|x64.ActiveCfg = Debug|Any CPU
		{18E7F41C-71FF-4DA7-9656-763533D9235E}.Debug|x64.Build.0 = Debug|Any CPU
		{18E7F41C-71FF-4DA7-9656-763533D9235E}.Debug|x86.ActiveCfg = Debug|Any CPU
		{18E7F41C-71FF-4DA7-9656-763533D9235E}.Debug|x86.Build.0 = Debug|Any CPU
		{18E7F41C-71FF-4DA7-9656-763533D9235E}.Release|Any CPU.ActiveCfg = Release|Any CPU
		{18E7F41C-71FF-4DA7-9656-763533D9235E}.Release|Any CPU.Build.0 = Release|Any CPU
		{18E7F41C-71FF-4DA7-9656-763533D9235E}.Release|x64.ActiveCfg = Release|Any CPU
		{18E7F41C-71FF-4DA7-9656-763533D9235E}.Release|x64.Build.0 = Release|Any CPU
		{18E7F41C-71FF-4DA7-9656-763533D9235E}.Release|x86.ActiveCfg = Release|Any CPU
		{18E7F41C-71FF-4DA7-9656-763533D9235E}.Release|x86.Build.0 = Release|Any CPU
		{12787856-9EDF-4716-8320-5C9BD234E1FD}.Debug|Any CPU.ActiveCfg = Debug|Any CPU
		{12787856-9EDF-4716-8320-5C9BD234E1FD}.Debug|Any CPU.Build.0 = Debug|Any CPU
		{12787856-9EDF-4716-8320-5C9BD234E1FD}.Debug|x64.ActiveCfg = Debug|Any CPU
		{12787856-9EDF-4716-8320-5C9BD234E1FD}.Debug|x64.Build.0 = Debug|Any CPU
		{12787856-9EDF-4716-8320-5C9BD234E1FD}.Debug|x86.ActiveCfg = Debug|Any CPU
		{12787856-9EDF-4716-8320-5C9BD234E1FD}.Debug|x86.Build.0 = Debug|Any CPU
		{12787856-9EDF-4716-8320-5C9BD234E1FD}.Release|Any CPU.ActiveCfg = Release|Any CPU
		{12787856-9EDF-4716-8320-5C9BD234E1FD}.Release|Any CPU.Build.0 = Release|Any CPU
		{12787856-9EDF-4716-8320-5C9BD234E1FD}.Release|x64.ActiveCfg = Release|Any CPU
		{12787856-9EDF-4716-8320-5C9BD234E1FD}.Release|x64.Build.0 = Release|Any CPU
		{12787856-9EDF-4716-8320-5C9BD234E1FD}.Release|x86.ActiveCfg = Release|Any CPU
		{12787856-9EDF-4716-8320-5C9BD234E1FD}.Release|x86.Build.0 = Release|Any CPU
		{0ABAC9AE-B2A8-4BA3-8E79-1B84B4C1315D}.Debug|Any CPU.ActiveCfg = Debug|Any CPU
		{0ABAC9AE-B2A8-4BA3-8E79-1B84B4C1315D}.Debug|Any CPU.Build.0 = Debug|Any CPU
		{0ABAC9AE-B2A8-4BA3-8E79-1B84B4C1315D}.Debug|x64.ActiveCfg = Debug|Any CPU
		{0ABAC9AE-B2A8-4BA3-8E79-1B84B4C1315D}.Debug|x64.Build.0 = Debug|Any CPU
		{0ABAC9AE-B2A8-4BA3-8E79-1B84B4C1315D}.Debug|x86.ActiveCfg = Debug|Any CPU
		{0ABAC9AE-B2A8-4BA3-8E79-1B84B4C1315D}.Debug|x86.Build.0 = Debug|Any CPU
		{0ABAC9AE-B2A8-4BA3-8E79-1B84B4C1315D}.Release|Any CPU.ActiveCfg = Release|Any CPU
		{0ABAC9AE-B2A8-4BA3-8E79-1B84B4C1315D}.Release|Any CPU.Build.0 = Release|Any CPU
		{0ABAC9AE-B2A8-4BA3-8E79-1B84B4C1315D}.Release|x64.ActiveCfg = Release|Any CPU
		{0ABAC9AE-B2A8-4BA3-8E79-1B84B4C1315D}.Release|x64.Build.0 = Release|Any CPU
		{0ABAC9AE-B2A8-4BA3-8E79-1B84B4C1315D}.Release|x86.ActiveCfg = Release|Any CPU
		{0ABAC9AE-B2A8-4BA3-8E79-1B84B4C1315D}.Release|x86.Build.0 = Release|Any CPU
	EndGlobalSection
	GlobalSection(NestedProjects) = preSolution
		{12787856-9EDF-4716-8320-5C9BD234E1FD} = {5F495D12-53C3-464B-827A-CD8A88CE4AB1}
		{0ABAC9AE-B2A8-4BA3-8E79-1B84B4C1315D} = {5F495D12-53C3-464B-827A-CD8A88CE4AB1}
	EndGlobalSection
EndGlobal
