
Microsoft Visual Studio Solution File, Format Version 12.00
# Visual Studio Version 16
VisualStudioVersion = 16.6.30114.105
MinimumVisualStudioVersion = 10.0.40219.1
Project("{9A19103F-16F7-4668-BE54-9A1E7A4F7556}") = "R5T.D0092.Base", "R5T.D0092.Base\R5T.D0092.Base.csproj", "{D813C505-2A1E-46C6-80F8-F7A011DF846B}"
EndProject
Project("{2150E333-8FDC-42A3-9474-1A3956D46DE8}") = "_Dependencies", "_Dependencies", "{FF351523-64F6-4D6F-8D6A-9B396449A54E}"
EndProject
Project("{9A19103F-16F7-4668-BE54-9A1E7A4F7556}") = "R5T.T0064", "..\..\R5T.T0064\source\R5T.T0064\R5T.T0064.csproj", "{11F82655-A035-4D48-99AB-FD7BCF0D3728}"
EndProject
Project("{9A19103F-16F7-4668-BE54-9A1E7A4F7556}") = "R5T.L0013", "..\..\R5T.L0013\source\R5T.L0013\R5T.L0013.csproj", "{E6F5C28C-74D2-46A5-B5D1-2C510BAFD4A4}"
EndProject
Project("{9A19103F-16F7-4668-BE54-9A1E7A4F7556}") = "R5T.L0015", "..\..\R5T.L0015\source\R5T.L0015\R5T.L0015.csproj", "{05E84188-3DAA-483E-BAC9-675A8D6E56C7}"
EndProject
Global
	GlobalSection(SolutionConfigurationPlatforms) = preSolution
		Debug|Any CPU = Debug|Any CPU
		Debug|x64 = Debug|x64
		Debug|x86 = Debug|x86
		Release|Any CPU = Release|Any CPU
		Release|x64 = Release|x64
		Release|x86 = Release|x86
	EndGlobalSection
	GlobalSection(ProjectConfigurationPlatforms) = postSolution
		{D813C505-2A1E-46C6-80F8-F7A011DF846B}.Debug|Any CPU.ActiveCfg = Debug|Any CPU
		{D813C505-2A1E-46C6-80F8-F7A011DF846B}.Debug|Any CPU.Build.0 = Debug|Any CPU
		{D813C505-2A1E-46C6-80F8-F7A011DF846B}.Debug|x64.ActiveCfg = Debug|Any CPU
		{D813C505-2A1E-46C6-80F8-F7A011DF846B}.Debug|x64.Build.0 = Debug|Any CPU
		{D813C505-2A1E-46C6-80F8-F7A011DF846B}.Debug|x86.ActiveCfg = Debug|Any CPU
		{D813C505-2A1E-46C6-80F8-F7A011DF846B}.Debug|x86.Build.0 = Debug|Any CPU
		{D813C505-2A1E-46C6-80F8-F7A011DF846B}.Release|Any CPU.ActiveCfg = Release|Any CPU
		{D813C505-2A1E-46C6-80F8-F7A011DF846B}.Release|Any CPU.Build.0 = Release|Any CPU
		{D813C505-2A1E-46C6-80F8-F7A011DF846B}.Release|x64.ActiveCfg = Release|Any CPU
		{D813C505-2A1E-46C6-80F8-F7A011DF846B}.Release|x64.Build.0 = Release|Any CPU
		{D813C505-2A1E-46C6-80F8-F7A011DF846B}.Release|x86.ActiveCfg = Release|Any CPU
		{D813C505-2A1E-46C6-80F8-F7A011DF846B}.Release|x86.Build.0 = Release|Any CPU
		{11F82655-A035-4D48-99AB-FD7BCF0D3728}.Debug|Any CPU.ActiveCfg = Debug|Any CPU
		{11F82655-A035-4D48-99AB-FD7BCF0D3728}.Debug|Any CPU.Build.0 = Debug|Any CPU
		{11F82655-A035-4D48-99AB-FD7BCF0D3728}.Debug|x64.ActiveCfg = Debug|Any CPU
		{11F82655-A035-4D48-99AB-FD7BCF0D3728}.Debug|x64.Build.0 = Debug|Any CPU
		{11F82655-A035-4D48-99AB-FD7BCF0D3728}.Debug|x86.ActiveCfg = Debug|Any CPU
		{11F82655-A035-4D48-99AB-FD7BCF0D3728}.Debug|x86.Build.0 = Debug|Any CPU
		{11F82655-A035-4D48-99AB-FD7BCF0D3728}.Release|Any CPU.ActiveCfg = Release|Any CPU
		{11F82655-A035-4D48-99AB-FD7BCF0D3728}.Release|Any CPU.Build.0 = Release|Any CPU
		{11F82655-A035-4D48-99AB-FD7BCF0D3728}.Release|x64.ActiveCfg = Release|Any CPU
		{11F82655-A035-4D48-99AB-FD7BCF0D3728}.Release|x64.Build.0 = Release|Any CPU
		{11F82655-A035-4D48-99AB-FD7BCF0D3728}.Release|x86.ActiveCfg = Release|Any CPU
		{11F82655-A035-4D48-99AB-FD7BCF0D3728}.Release|x86.Build.0 = Release|Any CPU
		{E6F5C28C-74D2-46A5-B5D1-2C510BAFD4A4}.Debug|Any CPU.ActiveCfg = Debug|Any CPU
		{E6F5C28C-74D2-46A5-B5D1-2C510BAFD4A4}.Debug|Any CPU.Build.0 = Debug|Any CPU
		{E6F5C28C-74D2-46A5-B5D1-2C510BAFD4A4}.Debug|x64.ActiveCfg = Debug|Any CPU
		{E6F5C28C-74D2-46A5-B5D1-2C510BAFD4A4}.Debug|x64.Build.0 = Debug|Any CPU
		{E6F5C28C-74D2-46A5-B5D1-2C510BAFD4A4}.Debug|x86.ActiveCfg = Debug|Any CPU
		{E6F5C28C-74D2-46A5-B5D1-2C510BAFD4A4}.Debug|x86.Build.0 = Debug|Any CPU
		{E6F5C28C-74D2-46A5-B5D1-2C510BAFD4A4}.Release|Any CPU.ActiveCfg = Release|Any CPU
		{E6F5C28C-74D2-46A5-B5D1-2C510BAFD4A4}.Release|Any CPU.Build.0 = Release|Any CPU
		{E6F5C28C-74D2-46A5-B5D1-2C510BAFD4A4}.Release|x64.ActiveCfg = Release|Any CPU
		{E6F5C28C-74D2-46A5-B5D1-2C510BAFD4A4}.Release|x64.Build.0 = Release|Any CPU
		{E6F5C28C-74D2-46A5-B5D1-2C510BAFD4A4}.Release|x86.ActiveCfg = Release|Any CPU
		{E6F5C28C-74D2-46A5-B5D1-2C510BAFD4A4}.Release|x86.Build.0 = Release|Any CPU
		{05E84188-3DAA-483E-BAC9-675A8D6E56C7}.Debug|Any CPU.ActiveCfg = Debug|Any CPU
		{05E84188-3DAA-483E-BAC9-675A8D6E56C7}.Debug|Any CPU.Build.0 = Debug|Any CPU
		{05E84188-3DAA-483E-BAC9-675A8D6E56C7}.Debug|x64.ActiveCfg = Debug|Any CPU
		{05E84188-3DAA-483E-BAC9-675A8D6E56C7}.Debug|x64.Build.0 = Debug|Any CPU
		{05E84188-3DAA-483E-BAC9-675A8D6E56C7}.Debug|x86.ActiveCfg = Debug|Any CPU
		{05E84188-3DAA-483E-BAC9-675A8D6E56C7}.Debug|x86.Build.0 = Debug|Any CPU
		{05E84188-3DAA-483E-BAC9-675A8D6E56C7}.Release|Any CPU.ActiveCfg = Release|Any CPU
		{05E84188-3DAA-483E-BAC9-675A8D6E56C7}.Release|Any CPU.Build.0 = Release|Any CPU
		{05E84188-3DAA-483E-BAC9-675A8D6E56C7}.Release|x64.ActiveCfg = Release|Any CPU
		{05E84188-3DAA-483E-BAC9-675A8D6E56C7}.Release|x64.Build.0 = Release|Any CPU
		{05E84188-3DAA-483E-BAC9-675A8D6E56C7}.Release|x86.ActiveCfg = Release|Any CPU
		{05E84188-3DAA-483E-BAC9-675A8D6E56C7}.Release|x86.Build.0 = Release|Any CPU
	EndGlobalSection
	GlobalSection(SolutionProperties) = preSolution
		HideSolutionNode = FALSE
	EndGlobalSection
	GlobalSection(NestedProjects) = preSolution
		{11F82655-A035-4D48-99AB-FD7BCF0D3728} = {FF351523-64F6-4D6F-8D6A-9B396449A54E}
		{E6F5C28C-74D2-46A5-B5D1-2C510BAFD4A4} = {FF351523-64F6-4D6F-8D6A-9B396449A54E}
		{05E84188-3DAA-483E-BAC9-675A8D6E56C7} = {FF351523-64F6-4D6F-8D6A-9B396449A54E}
	EndGlobalSection
	GlobalSection(ExtensibilityGlobals) = postSolution
		SolutionGuid = {B2609D85-A5BC-400F-875C-6F1F4A12F314}
	EndGlobalSection
EndGlobal
