
Microsoft Visual Studio Solution File, Format Version 12.00
# Visual Studio Version 16
VisualStudioVersion = 16.6.30114.105
MinimumVisualStudioVersion = 10.0.40219.1
Project("{FAE04EC0-301F-11D3-BF4B-00C04F79EFBC}") = "R5T.D0092.Construction", "R5T.D0092.Construction\R5T.D0092.Construction.csproj", "{D2DEC8EA-83B6-4F05-8FCB-F3FAE3D912C1}"
EndProject
Project("{2150E333-8FDC-42A3-9474-1A3956D46DE8}") = "_Dependencies", "_Dependencies", "{5DC6318A-131B-4EA3-8F4D-EF64EADD83F1}"
EndProject
Project("{FAE04EC0-301F-11D3-BF4B-00C04F79EFBC}") = "R5T.Plymouth.ProgramAsAService", "..\..\R5T.Plymouth\source\R5T.Plymouth.ProgramAsAService\R5T.Plymouth.ProgramAsAService.csproj", "{AD88354C-F663-4567-8918-08F4C31EDA37}"
EndProject
Project("{FAE04EC0-301F-11D3-BF4B-00C04F79EFBC}") = "R5T.T0027.T009", "..\..\R5T.T0027\source\R5T.T0027.T009\R5T.T0027.T009.csproj", "{38D9D30D-D5B6-435B-B681-324B9E838A27}"
EndProject
Project("{FAE04EC0-301F-11D3-BF4B-00C04F79EFBC}") = "R5T.D0092.I001", "R5T.D0092.I001\R5T.D0092.I001.csproj", "{AC53EE20-DC69-4FE1-9A87-C54E3917F309}"
EndProject
Project("{FAE04EC0-301F-11D3-BF4B-00C04F79EFBC}") = "R5T.D0092.Base", "R5T.D0092.Base\R5T.D0092.Base.csproj", "{35C918F7-79E6-4CF6-8C64-C8B85E9CD8B1}"
EndProject
Project("{FAE04EC0-301F-11D3-BF4B-00C04F79EFBC}") = "R5T.Dacia.Extensions", "..\..\R5T.Dacia.Extensions\source\R5T.Dacia.Extensions\R5T.Dacia.Extensions.csproj", "{4217EAA3-3687-4B2A-9AA9-FC5B1737E8C7}"
EndProject
Project("{FAE04EC0-301F-11D3-BF4B-00C04F79EFBC}") = "R5T.Dacia.T002", "..\..\R5T.Dacia\source\R5T.Dacia.T002\R5T.Dacia.T002.csproj", "{CBDF1635-EBAD-434A-9640-78F41E65A103}"
EndProject
Global
	GlobalSection(SolutionConfigurationPlatforms) = preSolution
		Debug|Any CPU = Debug|Any CPU
		Debug|x64 = Debug|x64
		Debug|x86 = Debug|x86
		Release|Any CPU = Release|Any CPU
		Release|x64 = Release|x64
		Release|x86 = Release|x86
	EndGlobalSection
	GlobalSection(SolutionProperties) = preSolution
		HideSolutionNode = FALSE
	EndGlobalSection
	GlobalSection(ProjectConfigurationPlatforms) = postSolution
		{D2DEC8EA-83B6-4F05-8FCB-F3FAE3D912C1}.Debug|Any CPU.ActiveCfg = Debug|Any CPU
		{D2DEC8EA-83B6-4F05-8FCB-F3FAE3D912C1}.Debug|Any CPU.Build.0 = Debug|Any CPU
		{D2DEC8EA-83B6-4F05-8FCB-F3FAE3D912C1}.Debug|x64.ActiveCfg = Debug|Any CPU
		{D2DEC8EA-83B6-4F05-8FCB-F3FAE3D912C1}.Debug|x64.Build.0 = Debug|Any CPU
		{D2DEC8EA-83B6-4F05-8FCB-F3FAE3D912C1}.Debug|x86.ActiveCfg = Debug|Any CPU
		{D2DEC8EA-83B6-4F05-8FCB-F3FAE3D912C1}.Debug|x86.Build.0 = Debug|Any CPU
		{D2DEC8EA-83B6-4F05-8FCB-F3FAE3D912C1}.Release|Any CPU.ActiveCfg = Release|Any CPU
		{D2DEC8EA-83B6-4F05-8FCB-F3FAE3D912C1}.Release|Any CPU.Build.0 = Release|Any CPU
		{D2DEC8EA-83B6-4F05-8FCB-F3FAE3D912C1}.Release|x64.ActiveCfg = Release|Any CPU
		{D2DEC8EA-83B6-4F05-8FCB-F3FAE3D912C1}.Release|x64.Build.0 = Release|Any CPU
		{D2DEC8EA-83B6-4F05-8FCB-F3FAE3D912C1}.Release|x86.ActiveCfg = Release|Any CPU
		{D2DEC8EA-83B6-4F05-8FCB-F3FAE3D912C1}.Release|x86.Build.0 = Release|Any CPU
		{AD88354C-F663-4567-8918-08F4C31EDA37}.Debug|Any CPU.ActiveCfg = Debug|Any CPU
		{AD88354C-F663-4567-8918-08F4C31EDA37}.Debug|Any CPU.Build.0 = Debug|Any CPU
		{AD88354C-F663-4567-8918-08F4C31EDA37}.Debug|x64.ActiveCfg = Debug|Any CPU
		{AD88354C-F663-4567-8918-08F4C31EDA37}.Debug|x64.Build.0 = Debug|Any CPU
		{AD88354C-F663-4567-8918-08F4C31EDA37}.Debug|x86.ActiveCfg = Debug|Any CPU
		{AD88354C-F663-4567-8918-08F4C31EDA37}.Debug|x86.Build.0 = Debug|Any CPU
		{AD88354C-F663-4567-8918-08F4C31EDA37}.Release|Any CPU.ActiveCfg = Release|Any CPU
		{AD88354C-F663-4567-8918-08F4C31EDA37}.Release|Any CPU.Build.0 = Release|Any CPU
		{AD88354C-F663-4567-8918-08F4C31EDA37}.Release|x64.ActiveCfg = Release|Any CPU
		{AD88354C-F663-4567-8918-08F4C31EDA37}.Release|x64.Build.0 = Release|Any CPU
		{AD88354C-F663-4567-8918-08F4C31EDA37}.Release|x86.ActiveCfg = Release|Any CPU
		{AD88354C-F663-4567-8918-08F4C31EDA37}.Release|x86.Build.0 = Release|Any CPU
		{38D9D30D-D5B6-435B-B681-324B9E838A27}.Debug|Any CPU.ActiveCfg = Debug|Any CPU
		{38D9D30D-D5B6-435B-B681-324B9E838A27}.Debug|Any CPU.Build.0 = Debug|Any CPU
		{38D9D30D-D5B6-435B-B681-324B9E838A27}.Debug|x64.ActiveCfg = Debug|Any CPU
		{38D9D30D-D5B6-435B-B681-324B9E838A27}.Debug|x64.Build.0 = Debug|Any CPU
		{38D9D30D-D5B6-435B-B681-324B9E838A27}.Debug|x86.ActiveCfg = Debug|Any CPU
		{38D9D30D-D5B6-435B-B681-324B9E838A27}.Debug|x86.Build.0 = Debug|Any CPU
		{38D9D30D-D5B6-435B-B681-324B9E838A27}.Release|Any CPU.ActiveCfg = Release|Any CPU
		{38D9D30D-D5B6-435B-B681-324B9E838A27}.Release|Any CPU.Build.0 = Release|Any CPU
		{38D9D30D-D5B6-435B-B681-324B9E838A27}.Release|x64.ActiveCfg = Release|Any CPU
		{38D9D30D-D5B6-435B-B681-324B9E838A27}.Release|x64.Build.0 = Release|Any CPU
		{38D9D30D-D5B6-435B-B681-324B9E838A27}.Release|x86.ActiveCfg = Release|Any CPU
		{38D9D30D-D5B6-435B-B681-324B9E838A27}.Release|x86.Build.0 = Release|Any CPU
		{AC53EE20-DC69-4FE1-9A87-C54E3917F309}.Debug|Any CPU.ActiveCfg = Debug|Any CPU
		{AC53EE20-DC69-4FE1-9A87-C54E3917F309}.Debug|Any CPU.Build.0 = Debug|Any CPU
		{AC53EE20-DC69-4FE1-9A87-C54E3917F309}.Debug|x64.ActiveCfg = Debug|Any CPU
		{AC53EE20-DC69-4FE1-9A87-C54E3917F309}.Debug|x64.Build.0 = Debug|Any CPU
		{AC53EE20-DC69-4FE1-9A87-C54E3917F309}.Debug|x86.ActiveCfg = Debug|Any CPU
		{AC53EE20-DC69-4FE1-9A87-C54E3917F309}.Debug|x86.Build.0 = Debug|Any CPU
		{AC53EE20-DC69-4FE1-9A87-C54E3917F309}.Release|Any CPU.ActiveCfg = Release|Any CPU
		{AC53EE20-DC69-4FE1-9A87-C54E3917F309}.Release|Any CPU.Build.0 = Release|Any CPU
		{AC53EE20-DC69-4FE1-9A87-C54E3917F309}.Release|x64.ActiveCfg = Release|Any CPU
		{AC53EE20-DC69-4FE1-9A87-C54E3917F309}.Release|x64.Build.0 = Release|Any CPU
		{AC53EE20-DC69-4FE1-9A87-C54E3917F309}.Release|x86.ActiveCfg = Release|Any CPU
		{AC53EE20-DC69-4FE1-9A87-C54E3917F309}.Release|x86.Build.0 = Release|Any CPU
		{35C918F7-79E6-4CF6-8C64-C8B85E9CD8B1}.Debug|Any CPU.ActiveCfg = Debug|Any CPU
		{35C918F7-79E6-4CF6-8C64-C8B85E9CD8B1}.Debug|Any CPU.Build.0 = Debug|Any CPU
		{35C918F7-79E6-4CF6-8C64-C8B85E9CD8B1}.Debug|x64.ActiveCfg = Debug|Any CPU
		{35C918F7-79E6-4CF6-8C64-C8B85E9CD8B1}.Debug|x64.Build.0 = Debug|Any CPU
		{35C918F7-79E6-4CF6-8C64-C8B85E9CD8B1}.Debug|x86.ActiveCfg = Debug|Any CPU
		{35C918F7-79E6-4CF6-8C64-C8B85E9CD8B1}.Debug|x86.Build.0 = Debug|Any CPU
		{35C918F7-79E6-4CF6-8C64-C8B85E9CD8B1}.Release|Any CPU.ActiveCfg = Release|Any CPU
		{35C918F7-79E6-4CF6-8C64-C8B85E9CD8B1}.Release|Any CPU.Build.0 = Release|Any CPU
		{35C918F7-79E6-4CF6-8C64-C8B85E9CD8B1}.Release|x64.ActiveCfg = Release|Any CPU
		{35C918F7-79E6-4CF6-8C64-C8B85E9CD8B1}.Release|x64.Build.0 = Release|Any CPU
		{35C918F7-79E6-4CF6-8C64-C8B85E9CD8B1}.Release|x86.ActiveCfg = Release|Any CPU
		{35C918F7-79E6-4CF6-8C64-C8B85E9CD8B1}.Release|x86.Build.0 = Release|Any CPU
		{4217EAA3-3687-4B2A-9AA9-FC5B1737E8C7}.Debug|Any CPU.ActiveCfg = Debug|Any CPU
		{4217EAA3-3687-4B2A-9AA9-FC5B1737E8C7}.Debug|Any CPU.Build.0 = Debug|Any CPU
		{4217EAA3-3687-4B2A-9AA9-FC5B1737E8C7}.Debug|x64.ActiveCfg = Debug|Any CPU
		{4217EAA3-3687-4B2A-9AA9-FC5B1737E8C7}.Debug|x64.Build.0 = Debug|Any CPU
		{4217EAA3-3687-4B2A-9AA9-FC5B1737E8C7}.Debug|x86.ActiveCfg = Debug|Any CPU
		{4217EAA3-3687-4B2A-9AA9-FC5B1737E8C7}.Debug|x86.Build.0 = Debug|Any CPU
		{4217EAA3-3687-4B2A-9AA9-FC5B1737E8C7}.Release|Any CPU.ActiveCfg = Release|Any CPU
		{4217EAA3-3687-4B2A-9AA9-FC5B1737E8C7}.Release|Any CPU.Build.0 = Release|Any CPU
		{4217EAA3-3687-4B2A-9AA9-FC5B1737E8C7}.Release|x64.ActiveCfg = Release|Any CPU
		{4217EAA3-3687-4B2A-9AA9-FC5B1737E8C7}.Release|x64.Build.0 = Release|Any CPU
		{4217EAA3-3687-4B2A-9AA9-FC5B1737E8C7}.Release|x86.ActiveCfg = Release|Any CPU
		{4217EAA3-3687-4B2A-9AA9-FC5B1737E8C7}.Release|x86.Build.0 = Release|Any CPU
		{CBDF1635-EBAD-434A-9640-78F41E65A103}.Debug|Any CPU.ActiveCfg = Debug|Any CPU
		{CBDF1635-EBAD-434A-9640-78F41E65A103}.Debug|Any CPU.Build.0 = Debug|Any CPU
		{CBDF1635-EBAD-434A-9640-78F41E65A103}.Debug|x64.ActiveCfg = Debug|Any CPU
		{CBDF1635-EBAD-434A-9640-78F41E65A103}.Debug|x64.Build.0 = Debug|Any CPU
		{CBDF1635-EBAD-434A-9640-78F41E65A103}.Debug|x86.ActiveCfg = Debug|Any CPU
		{CBDF1635-EBAD-434A-9640-78F41E65A103}.Debug|x86.Build.0 = Debug|Any CPU
		{CBDF1635-EBAD-434A-9640-78F41E65A103}.Release|Any CPU.ActiveCfg = Release|Any CPU
		{CBDF1635-EBAD-434A-9640-78F41E65A103}.Release|Any CPU.Build.0 = Release|Any CPU
		{CBDF1635-EBAD-434A-9640-78F41E65A103}.Release|x64.ActiveCfg = Release|Any CPU
		{CBDF1635-EBAD-434A-9640-78F41E65A103}.Release|x64.Build.0 = Release|Any CPU
		{CBDF1635-EBAD-434A-9640-78F41E65A103}.Release|x86.ActiveCfg = Release|Any CPU
		{CBDF1635-EBAD-434A-9640-78F41E65A103}.Release|x86.Build.0 = Release|Any CPU
	EndGlobalSection
	GlobalSection(NestedProjects) = preSolution
		{AD88354C-F663-4567-8918-08F4C31EDA37} = {5DC6318A-131B-4EA3-8F4D-EF64EADD83F1}
		{38D9D30D-D5B6-435B-B681-324B9E838A27} = {5DC6318A-131B-4EA3-8F4D-EF64EADD83F1}
		{4217EAA3-3687-4B2A-9AA9-FC5B1737E8C7} = {5DC6318A-131B-4EA3-8F4D-EF64EADD83F1}
		{CBDF1635-EBAD-434A-9640-78F41E65A103} = {5DC6318A-131B-4EA3-8F4D-EF64EADD83F1}
	EndGlobalSection
EndGlobal
